
Microsoft Visual Studio Solution File, Format Version 12.00
Project("{FAE04EC0-301F-11D3-BF4B-00C04F79EFBC}") = "AspNetCoreDockerSample", "AspNetCoreDockerSample\AspNetCoreDockerSample.csproj", "{079B95EB-4413-4D4E-B532-EF289B58A412}"
EndProject
Global
	GlobalSection(SolutionConfigurationPlatforms) = preSolution
		Debug|Any CPU = Debug|Any CPU
		Release|Any CPU = Release|Any CPU
	EndGlobalSection
	GlobalSection(ProjectConfigurationPlatforms) = postSolution
		{079B95EB-4413-4D4E-B532-EF289B58A412}.Debug|Any CPU.ActiveCfg = Debug|Any CPU
		{079B95EB-4413-4D4E-B532-EF289B58A412}.Debug|Any CPU.Build.0 = Debug|Any CPU
		{079B95EB-4413-4D4E-B532-EF289B58A412}.Release|Any CPU.ActiveCfg = Release|Any CPU
		{079B95EB-4413-4D4E-B532-EF289B58A412}.Release|Any CPU.Build.0 = Release|Any CPU
	EndGlobalSection
EndGlobal
